github.com/KKKZOZ/hugo-admonitions v0.11.0 h1:QKD/7GZhYRqZrZHfN5S3nWqX6RpV4jFg2aIRj688Kyc=
github.com/KKKZOZ/hugo-admonitions v0.11.0/go.mod h1:4PsJAsqo3mS3VzAtDLa8k0ds+CJQUWZhAo9kLi1NRlM=
github.com/jpanther/congo/v2 v2.12.2 h1:dr7oI/as+g+FJ6zVLZ3LSVOSRlsJjSsvTO6YP4zbOsQ=
github.com/jpanther/congo/v2 v2.12.2/go.mod h1:1S7DRoO1ZYS4YUdFd1LjTkdyjQwsjFWd8TqSfz3Jd+M=
