github.com/jpanther/congo/v2 v2.7.4 h1:VQk57hz/eNiR0BVgL8u4r6K7Wa8kkP/bN5zV4lLQBHY=
github.com/jpanther/congo/v2 v2.7.4/go.mod h1:1S7DRoO1ZYS4YUdFd1LjTkdyjQwsjFWd8TqSfz3Jd+M=
github.com/jpanther/congo/v2 v2.8.2 h1:UNg7225ZqLSt9zu0xBOh5iM9TXnuNG1Ta9eSsioHTEE=
github.com/jpanther/congo/v2 v2.8.2/go.mod h1:1S7DRoO1ZYS4YUdFd1LjTkdyjQwsjFWd8TqSfz3Jd+M=
